# THIS IS AN AUTOGENERATED FILE. DO NOT EDIT THIS FILE DIRECTLY.
# yarn lockfile v1


"@prettier/plugin-xml@^0.13.0":
  version "0.13.0"
  resolved "https://registry.yarnpkg.com/@prettier/plugin-xml/-/plugin-xml-0.13.0.tgz#0927ab554668de0a9c6c5d15c5f94a9346c79a01"
  integrity sha512-kjC8ZoqrNdSGyUfGS0KGxmA2YxI/mpO2bQtOsg8663DISyfvkN/1LoR8nO+0BaAKkGWhP2rzgk6rqiSEQz8vQw==
  dependencies:
    "@xml-tools/parser" "^1.0.2"
    prettier ">=1.10"

"@toml-tools/lexer@^0.3.1":
  version "0.3.1"
  resolved "https://registry.yarnpkg.com/@toml-tools/lexer/-/lexer-0.3.1.tgz#f5a4b04ee075b2862f08825972d24e73c6bea367"
  integrity sha512-CCKHQb5OWpgFu47MQ2rcql4AnE9GaehNk/c1oJOyOBovED6XmdzQPXsvPSu+NJ9lToqJNoX+nLXQsB8WyQGdzQ==
  dependencies:
    chevrotain "4.1.1"

"@toml-tools/parser@^0.3.1":
  version "0.3.1"
  resolved "https://registry.yarnpkg.com/@toml-tools/parser/-/parser-0.3.1.tgz#85484372c50d8caad10e01b24a59193c63f5dcff"
  integrity sha512-vadwVx5TkgByt19dbp/rfIUKPkDdn5werANYvziiGK9wHlqPA0BWnvOloQw/dPDxF31+Ag0+zarXJpPDdRsPPg==
  dependencies:
    "@toml-tools/lexer" "^0.3.1"
    chevrotain "4.1.1"

"@xml-tools/parser@^1.0.2":
  version "1.0.10"
  resolved "https://registry.yarnpkg.com/@xml-tools/parser/-/parser-1.0.10.tgz#d1dd3a4323d713fcca5279005c96b37058ccbc33"
  integrity sha512-9oRb68wEKT+MRB7e2GwTiKicRKVXKzquBDGgH6YcGafvnSYXorWi2oaTVtbv2109RlGiQSnoXaQFUXCnHwFS7Q==
  dependencies:
    chevrotain "7.1.1"

chevrotain@4.1.1:
  version "4.1.1"
  resolved "https://registry.yarnpkg.com/chevrotain/-/chevrotain-4.1.1.tgz#e1e601bf099e96e6a3377671b7d5a40c631cf8ce"
  integrity sha512-NQky1HQyiAzxsxpq4Ppt47SYO2U3JLtmfs85QPf3kYSzGBjjp5AA8kqjH8hCjGFRpaQ781QOk1ragQIOkBgUTA==
  dependencies:
    regexp-to-ast "0.3.5"

chevrotain@6.5.0:
  version "6.5.0"
  resolved "https://registry.yarnpkg.com/chevrotain/-/chevrotain-6.5.0.tgz#dcbef415516b0af80fd423cc0d96b28d3f11374e"
  integrity sha512-BwqQ/AgmKJ8jcMEjaSnfMybnKMgGTrtDKowfTP3pX4jwVy0kNjRsT/AP6h+wC3+3NC+X8X15VWBnTCQlX+wQFg==
  dependencies:
    regexp-to-ast "0.4.0"

chevrotain@7.1.1:
  version "7.1.1"
  resolved "https://registry.yarnpkg.com/chevrotain/-/chevrotain-7.1.1.tgz#5122814eafd1585a9601f9180a7be9c42d5699c6"
  integrity sha512-wy3mC1x4ye+O+QkEinVJkPf5u2vsrDIYW9G7ZuwFl6v/Yu0LwUuT2POsb+NUWApebyxfkQq6+yDfRExbnI5rcw==
  dependencies:
    regexp-to-ast "0.5.0"

java-parser@1.0.0:
  version "1.0.0"
  resolved "https://registry.yarnpkg.com/java-parser/-/java-parser-1.0.0.tgz#129131eba90b64e3cebca56a027649fe657e78a1"
  integrity sha512-z+1shDR4S1uC/v44uITWV87kP+PtaBT7dnZgmwZcAUhnA0wldJSlA6KhGHU8IXJHaLKtjgYPbSxvmWVaMbtM6g==
  dependencies:
    chevrotain "6.5.0"
    lodash "4.17.20"

kleur@^3.0.3:
  version "3.0.3"
  resolved "https://registry.yarnpkg.com/kleur/-/kleur-3.0.3.tgz#a79c9ecc86ee1ce3fa6206d1216c501f147fc07e"
  integrity sha512-eTIzlVOSUR+JxdDFepEYcBMtZ9Qqdef+rnzWdRZuMbOywu5tO2w2N7rqjoANZ5k9vywhL6Br1VRjUIgTQx4E8w==

lodash@4.17.20:
  version "4.17.20"
  resolved "https://registry.yarnpkg.com/lodash/-/lodash-4.17.20.tgz#b44a9b6297bcb698f1c51a3545a2b3b368d59c52"
  integrity sha512-PlhdFcillOINfeV7Ni6oF1TAEayyZBoZ8bcshTHqOYJYlrqzRK5hagpagky5o4HfCzzd1TRkXPMFq6cKk9rGmA==

mvdan-sh@^0.5.0:
  version "0.5.0"
  resolved "https://registry.yarnpkg.com/mvdan-sh/-/mvdan-sh-0.5.0.tgz#fa76f611a103595ad0f04f5d18e582892c46e87c"
  integrity sha512-UWbdl4LHd2fUnaEcOUFVWRdWGLkNoV12cKVIPiirYd8qM5VkCoCTXErlDubevrkEG7kGohvjRxAlTQmOqG80tw==

prettier-plugin-go-template@^0.0.10:
  version "0.0.10"
  resolved "https://registry.yarnpkg.com/prettier-plugin-go-template/-/prettier-plugin-go-template-0.0.10.tgz#0036c4455a24e89a896d6ce8df6c0099e2499048"
  integrity sha512-TaHPqiMK/zfk+YhvKRf/1WZDgQ6ffnlxJZX5rwphqfxBOVEezZQtYistTB348MKrKnnwKpyXZWpMRo0/KCVB+A==

prettier-plugin-java@^1.0.1:
  version "1.0.1"
  resolved "https://registry.yarnpkg.com/prettier-plugin-java/-/prettier-plugin-java-1.0.1.tgz#aab742e1a1cc3f822cb87b7df22ca6b317bddbf7"
  integrity sha512-QaNLrBra0pzSba29cq7N5JPqHPlEM+3FRp17ViL66fKcStu+5mDOS+YV99mbkpHTrsMAuChW3rZ85ZDs4Smupw==
  dependencies:
    java-parser "1.0.0"
    lodash "4.17.20"
    prettier "2.2.1"

prettier-plugin-sh@^0.6.0:
  version "0.6.0"
  resolved "https://registry.yarnpkg.com/prettier-plugin-sh/-/prettier-plugin-sh-0.6.0.tgz#021c22597a5a866c346095cd7f6c662a49dea249"
  integrity sha512-y+SSThg/8mrGGkcAolWpociiTZlH7nlIUtqZl1dueyhngof8rD48tUHVQqvIaCx21T/0+9TyzsTEsVviPjR5og==
  dependencies:
    mvdan-sh "^0.5.0"

prettier-plugin-toml@^0.3.1:
  version "0.3.1"
  resolved "https://registry.yarnpkg.com/prettier-plugin-toml/-/prettier-plugin-toml-0.3.1.tgz#71b5291ef9c2a20865d2dfe1dbc24435bcb596b5"
  integrity sha512-j47DEO/dN/acU1nSL/B7q4A4Z2SYJhpWPCLPkcmfAXIQC6A5GD6Ao/bi9HRHZ8ueIDOauqjuAQbnvRxLXMjazA==
  dependencies:
    "@toml-tools/parser" "^0.3.1"
    prettier "^1.16.0"

prettier@2.2.1, prettier@>=1.10, prettier@^2.2.1:
  version "2.2.1"
  resolved "https://registry.yarnpkg.com/prettier/-/prettier-2.2.1.tgz#795a1a78dd52f073da0cd42b21f9c91381923ff5"
  integrity sha512-PqyhM2yCjg/oKkFPtTGUojv7gnZAoG80ttl45O6x2Ug/rMJw4wcc9k6aaf2hibP7BGVCCM33gZoGjyvt9mm16Q==

prettier@^1.16.0:
  version "1.19.1"
  resolved "https://registry.yarnpkg.com/prettier/-/prettier-1.19.1.tgz#f7d7f5ff8a9cd872a7be4ca142095956a60797cb"
  integrity sha512-s7PoyDv/II1ObgQunCbB9PdLmUcBZcnWOcxDh7O0N/UwDEsHyqkW+Qh28jW+mVuCdx7gLB0BotYI1Y6uI9iyew==

prompts@^2.4.0:
  version "2.4.0"
  resolved "https://registry.yarnpkg.com/prompts/-/prompts-2.4.0.tgz#4aa5de0723a231d1ee9121c40fdf663df73f61d7"
  integrity sha512-awZAKrk3vN6CroQukBL+R9051a4R3zCZBlJm/HBfrSZ8iTpYix3VX1vU4mveiLpiwmOJT4wokTF9m6HUk4KqWQ==
  dependencies:
    kleur "^3.0.3"
    sisteransi "^1.0.5"

regexp-to-ast@0.3.5:
  version "0.3.5"
  resolved "https://registry.yarnpkg.com/regexp-to-ast/-/regexp-to-ast-0.3.5.tgz#dedadd11bbb5f849df76b4e84b0b5335831c0473"
  integrity sha512-1CJygtdvsfNFwiyjaMLBWtg2tfEqx/jSZ8S6TV+GlNL8kiH8rb4cm5Pb7A/C2BpyM/fA8ZJEudlCwi/jvAY+Ow==

regexp-to-ast@0.4.0:
  version "0.4.0"
  resolved "https://registry.yarnpkg.com/regexp-to-ast/-/regexp-to-ast-0.4.0.tgz#f3dbcb42726cd71902ba50193f63eab5325cd7cb"
  integrity sha512-4qf/7IsIKfSNHQXSwial1IFmfM1Cc/whNBQqRwe0V2stPe7KmN1U0tWQiIx6JiirgSrisjE0eECdNf7Tav1Ntw==

regexp-to-ast@0.5.0:
  version "0.5.0"
  resolved "https://registry.yarnpkg.com/regexp-to-ast/-/regexp-to-ast-0.5.0.tgz#56c73856bee5e1fef7f73a00f1473452ab712a24"
  integrity sha512-tlbJqcMHnPKI9zSrystikWKwHkBqu2a/Sgw01h3zFjvYrMxEDYHzzoMZnUrbIfpTFEsoRnnviOXNCzFiSc54Qw==

sisteransi@^1.0.5:
  version "1.0.5"
  resolved "https://registry.yarnpkg.com/sisteransi/-/sisteransi-1.0.5.tgz#134d681297756437cc05ca01370d3a7a571075ed"
  integrity sha512-bLGGlR1QxBcynn2d5YmDX4MGjlZvy2MRBDRNHLJ8VI6l6+9FUiyTFNJ0IveOSP0bcXgVDPRcfGqA0pjaqUpfVg==
